
Microsoft Visual Studio Solution File, Format Version 12.00
# Visual Studio Version 16
VisualStudioVersion = 16.0.30114.105
MinimumVisualStudioVersion = 10.0.40219.1
Project("{FAE04EC0-301F-11D3-BF4B-00C04F79EFBC}") = "Common", "Common\Common.csproj", "{4E1B9B70-631D-469E-BC74-BD5629DE3EC6}"
EndProject
Project("{FAE04EC0-301F-11D3-BF4B-00C04F79EFBC}") = "AoC.Template", "Template\AoC.Template.csproj", "{E05A895B-045A-419D-B3AC-9B97EE04079B}"
EndProject
Project("{2150E333-8FDC-42A3-9474-1A3956D46DE8}") = "Puzzles", "Puzzles", "{C53C6E2A-F4C5-471D-A0FE-6D56CBC6EF6A}"
EndProject
Project("{FAE04EC0-301F-11D3-BF4B-00C04F79EFBC}") = "Day01.a", "Day01.a\Day01.a.csproj", "{58D01A0A-54ED-4476-BA0A-FAB7CE7F236A}"
EndProject
Project("{FAE04EC0-301F-11D3-BF4B-00C04F79EFBC}") = "Day01.b", "Day01.b\Day01.b.csproj", "{25747717-2320-48CE-91FF-85B4E4B4FBAE}"
EndProject
Project("{FAE04EC0-301F-11D3-BF4B-00C04F79EFBC}") = "Day02.a", "Day02.a\Day02.a.csproj", "{DA4E3F6C-16CB-4CF8-8841-19698D493A6F}"
EndProject
Project("{FAE04EC0-301F-11D3-BF4B-00C04F79EFBC}") = "Day02.b", "Day02.b\Day02.b.csproj", "{A2397D4A-1116-4EC5-9C6A-D97893707F3A}"
EndProject
Project("{FAE04EC0-301F-11D3-BF4B-00C04F79EFBC}") = "Day03.a", "Day03.a\Day03.a.csproj", "{502C4F0D-0A05-4421-BDA9-056EC7959E15}"
EndProject
Project("{FAE04EC0-301F-11D3-BF4B-00C04F79EFBC}") = "Day03.b", "Day03.b\Day03.b.csproj", "{ED139A1D-1DD6-4107-8EE6-017E179728DD}"
EndProject
Project("{FAE04EC0-301F-11D3-BF4B-00C04F79EFBC}") = "Day04.a", "Day04.a\Day04.a.csproj", "{D8AE22B1-B72E-4850-981F-090934CA2970}"
EndProject
Project("{FAE04EC0-301F-11D3-BF4B-00C04F79EFBC}") = "Day04.b", "Day04.b\Day04.b.csproj", "{B64A41BA-AE4C-4A8C-9D97-577C9F727B7F}"
EndProject
Project("{FAE04EC0-301F-11D3-BF4B-00C04F79EFBC}") = "Day05.a", "Day05.a\Day05.a.csproj", "{3310F965-DA34-49B7-B088-96F6B502C6F5}"
EndProject
Project("{FAE04EC0-301F-11D3-BF4B-00C04F79EFBC}") = "Day05.b", "Day05.b\Day05.b.csproj", "{6AB80C7D-8CFE-4BDC-A930-861129B05C01}"
EndProject
Global
	GlobalSection(SolutionConfigurationPlatforms) = preSolution
		Debug|Any CPU = Debug|Any CPU
		Release|Any CPU = Release|Any CPU
	EndGlobalSection
	GlobalSection(SolutionProperties) = preSolution
		HideSolutionNode = FALSE
	EndGlobalSection
	GlobalSection(ProjectConfigurationPlatforms) = postSolution
		{4E1B9B70-631D-469E-BC74-BD5629DE3EC6}.Debug|Any CPU.ActiveCfg = Debug|Any CPU
		{4E1B9B70-631D-469E-BC74-BD5629DE3EC6}.Debug|Any CPU.Build.0 = Debug|Any CPU
		{4E1B9B70-631D-469E-BC74-BD5629DE3EC6}.Release|Any CPU.ActiveCfg = Release|Any CPU
		{4E1B9B70-631D-469E-BC74-BD5629DE3EC6}.Release|Any CPU.Build.0 = Release|Any CPU
		{E05A895B-045A-419D-B3AC-9B97EE04079B}.Debug|Any CPU.ActiveCfg = Debug|Any CPU
		{E05A895B-045A-419D-B3AC-9B97EE04079B}.Debug|Any CPU.Build.0 = Debug|Any CPU
		{E05A895B-045A-419D-B3AC-9B97EE04079B}.Release|Any CPU.ActiveCfg = Release|Any CPU
		{E05A895B-045A-419D-B3AC-9B97EE04079B}.Release|Any CPU.Build.0 = Release|Any CPU
		{58D01A0A-54ED-4476-BA0A-FAB7CE7F236A}.Debug|Any CPU.ActiveCfg = Debug|Any CPU
		{58D01A0A-54ED-4476-BA0A-FAB7CE7F236A}.Debug|Any CPU.Build.0 = Debug|Any CPU
		{58D01A0A-54ED-4476-BA0A-FAB7CE7F236A}.Release|Any CPU.ActiveCfg = Release|Any CPU
		{58D01A0A-54ED-4476-BA0A-FAB7CE7F236A}.Release|Any CPU.Build.0 = Release|Any CPU
		{25747717-2320-48CE-91FF-85B4E4B4FBAE}.Debug|Any CPU.ActiveCfg = Debug|Any CPU
		{25747717-2320-48CE-91FF-85B4E4B4FBAE}.Debug|Any CPU.Build.0 = Debug|Any CPU
		{25747717-2320-48CE-91FF-85B4E4B4FBAE}.Release|Any CPU.ActiveCfg = Release|Any CPU
		{25747717-2320-48CE-91FF-85B4E4B4FBAE}.Release|Any CPU.Build.0 = Release|Any CPU
		{DA4E3F6C-16CB-4CF8-8841-19698D493A6F}.Debug|Any CPU.ActiveCfg = Debug|Any CPU
		{DA4E3F6C-16CB-4CF8-8841-19698D493A6F}.Debug|Any CPU.Build.0 = Debug|Any CPU
		{DA4E3F6C-16CB-4CF8-8841-19698D493A6F}.Release|Any CPU.ActiveCfg = Release|Any CPU
		{DA4E3F6C-16CB-4CF8-8841-19698D493A6F}.Release|Any CPU.Build.0 = Release|Any CPU
		{A2397D4A-1116-4EC5-9C6A-D97893707F3A}.Debug|Any CPU.ActiveCfg = Debug|Any CPU
		{A2397D4A-1116-4EC5-9C6A-D97893707F3A}.Debug|Any CPU.Build.0 = Debug|Any CPU
		{A2397D4A-1116-4EC5-9C6A-D97893707F3A}.Release|Any CPU.ActiveCfg = Release|Any CPU
		{A2397D4A-1116-4EC5-9C6A-D97893707F3A}.Release|Any CPU.Build.0 = Release|Any CPU
		{502C4F0D-0A05-4421-BDA9-056EC7959E15}.Debug|Any CPU.ActiveCfg = Debug|Any CPU
		{502C4F0D-0A05-4421-BDA9-056EC7959E15}.Debug|Any CPU.Build.0 = Debug|Any CPU
		{502C4F0D-0A05-4421-BDA9-056EC7959E15}.Release|Any CPU.ActiveCfg = Release|Any CPU
		{502C4F0D-0A05-4421-BDA9-056EC7959E15}.Release|Any CPU.Build.0 = Release|Any CPU
		{ED139A1D-1DD6-4107-8EE6-017E179728DD}.Debug|Any CPU.ActiveCfg = Debug|Any CPU
		{ED139A1D-1DD6-4107-8EE6-017E179728DD}.Debug|Any CPU.Build.0 = Debug|Any CPU
		{ED139A1D-1DD6-4107-8EE6-017E179728DD}.Release|Any CPU.ActiveCfg = Release|Any CPU
		{ED139A1D-1DD6-4107-8EE6-017E179728DD}.Release|Any CPU.Build.0 = Release|Any CPU
		{D8AE22B1-B72E-4850-981F-090934CA2970}.Debug|Any CPU.ActiveCfg = Debug|Any CPU
		{D8AE22B1-B72E-4850-981F-090934CA2970}.Debug|Any CPU.Build.0 = Debug|Any CPU
		{D8AE22B1-B72E-4850-981F-090934CA2970}.Release|Any CPU.ActiveCfg = Release|Any CPU
		{D8AE22B1-B72E-4850-981F-090934CA2970}.Release|Any CPU.Build.0 = Release|Any CPU
		{B64A41BA-AE4C-4A8C-9D97-577C9F727B7F}.Debug|Any CPU.ActiveCfg = Debug|Any CPU
		{B64A41BA-AE4C-4A8C-9D97-577C9F727B7F}.Debug|Any CPU.Build.0 = Debug|Any CPU
		{B64A41BA-AE4C-4A8C-9D97-577C9F727B7F}.Release|Any CPU.ActiveCfg = Release|Any CPU
		{B64A41BA-AE4C-4A8C-9D97-577C9F727B7F}.Release|Any CPU.Build.0 = Release|Any CPU
		{3310F965-DA34-49B7-B088-96F6B502C6F5}.Debug|Any CPU.ActiveCfg = Debug|Any CPU
		{3310F965-DA34-49B7-B088-96F6B502C6F5}.Debug|Any CPU.Build.0 = Debug|Any CPU
		{3310F965-DA34-49B7-B088-96F6B502C6F5}.Release|Any CPU.ActiveCfg = Release|Any CPU
		{3310F965-DA34-49B7-B088-96F6B502C6F5}.Release|Any CPU.Build.0 = Release|Any CPU
		{6AB80C7D-8CFE-4BDC-A930-861129B05C01}.Debug|Any CPU.ActiveCfg = Debug|Any CPU
		{6AB80C7D-8CFE-4BDC-A930-861129B05C01}.Debug|Any CPU.Build.0 = Debug|Any CPU
		{6AB80C7D-8CFE-4BDC-A930-861129B05C01}.Release|Any CPU.ActiveCfg = Release|Any CPU
		{6AB80C7D-8CFE-4BDC-A930-861129B05C01}.Release|Any CPU.Build.0 = Release|Any CPU
	EndGlobalSection
	GlobalSection(NestedProjects) = preSolution
		{58D01A0A-54ED-4476-BA0A-FAB7CE7F236A} = {C53C6E2A-F4C5-471D-A0FE-6D56CBC6EF6A}
		{25747717-2320-48CE-91FF-85B4E4B4FBAE} = {C53C6E2A-F4C5-471D-A0FE-6D56CBC6EF6A}
		{DA4E3F6C-16CB-4CF8-8841-19698D493A6F} = {C53C6E2A-F4C5-471D-A0FE-6D56CBC6EF6A}
		{A2397D4A-1116-4EC5-9C6A-D97893707F3A} = {C53C6E2A-F4C5-471D-A0FE-6D56CBC6EF6A}
		{502C4F0D-0A05-4421-BDA9-056EC7959E15} = {C53C6E2A-F4C5-471D-A0FE-6D56CBC6EF6A}
		{ED139A1D-1DD6-4107-8EE6-017E179728DD} = {C53C6E2A-F4C5-471D-A0FE-6D56CBC6EF6A}
		{D8AE22B1-B72E-4850-981F-090934CA2970} = {C53C6E2A-F4C5-471D-A0FE-6D56CBC6EF6A}
		{B64A41BA-AE4C-4A8C-9D97-577C9F727B7F} = {C53C6E2A-F4C5-471D-A0FE-6D56CBC6EF6A}
		{3310F965-DA34-49B7-B088-96F6B502C6F5} = {C53C6E2A-F4C5-471D-A0FE-6D56CBC6EF6A}
		{6AB80C7D-8CFE-4BDC-A930-861129B05C01} = {C53C6E2A-F4C5-471D-A0FE-6D56CBC6EF6A}
	EndGlobalSection
EndGlobal
